// !$*UTF8*$!
{
	archiveVersion = 1;
	classes = {
	};
	objectVersion = 46;
	objects = {

/* Begin PBXBuildFile section */
		59097AB11FA333B500ECB4CA /* AppDelegate.swift in Sources */ = {isa = PBXBuildFile; fileRef = 59097AB01FA333B500ECB4CA /* AppDelegate.swift */; };
		59097AB31FA333B500ECB4CA /* ViewController.swift in Sources */ = {isa = PBXBuildFile; fileRef = 59097AB21FA333B500ECB4CA /* ViewController.swift */; };
		59097AB61FA333B500ECB4CA /* Main.storyboard in Resources */ = {isa = PBXBuildFile; fileRef = 59097AB41FA333B500ECB4CA /* Main.storyboard */; };
		59097AB81FA333B500ECB4CA /* Assets.xcassets in Resources */ = {isa = PBXBuildFile; fileRef = 59097AB71FA333B500ECB4CA /* Assets.xcassets */; };
		59097ABB1FA333B500ECB4CA /* LaunchScreen.storyboard in Resources */ = {isa = PBXBuildFile; fileRef = 59097AB91FA333B500ECB4CA /* LaunchScreen.storyboard */; };
/* End PBXBuildFile section */

/* Begin PBXFileReference section */
		59097AAD1FA333B500ECB4CA /* FrappyOrange.app */ = {isa = PBXFileReference; explicitFileType = wrapper.application; includeInIndex = 0; path = FrappyOrange.app; sourceTree = BUILT_PRODUCTS_DIR; };
		59097AB01FA333B500ECB4CA /* AppDelegate.swift */ = {isa = PBXFileReference; lastKnownFileType = sourcecode.swift; path = AppDelegate.swift; sourceTree = "<group>"; };
		59097AB21FA333B500ECB4CA /* ViewController.swift */ = {isa = PBXFileReference; lastKnownFileType = sourcecode.swift; path = ViewController.swift; sourceTree = "<group>"; };
		59097AB51FA333B500ECB4CA /* Base */ = {isa = PBXFileReference; lastKnownFileType = file.storyboard; name = Base; path = Base.lproj/Main.storyboard; sourceTree = "<group>"; };
		59097AB71FA333B500ECB4CA /* Assets.xcassets */ = {isa = PBXFileReference; lastKnownFileType = folder.assetcatalog; path = Assets.xcassets; sourceTree = "<group>"; };
		59097ABA1FA333B500ECB4CA /* Base */ = {isa = PBXFileReference; lastKnownFileType = file.storyboard; name = Base; path = Base.lproj/LaunchScreen.storyboard; sourceTree = "<group>"; };
		59097ABC1FA333B500ECB4CA /* Info.plist */ = {isa = PBXFileReference; lastKnownFileType = text.plist.xml; path = Info.plist; sourceTree = "<group>"; };
/* End PBXFileReference section */

/* Begin PBXFrameworksBuildPhase section */
		59097AAA1FA333B500ECB4CA /* Frameworks */ = {
			isa = PBXFrameworksBuildPhase;
			buildActionMask = 2147483647;
			files = (
			);
			runOnlyForDeploymentPostprocessing = 0;
		};
/* End PBXFrameworksBuildPhase section */

/* Begin PBXGroup section */
		59097AA41FA333B500ECB4CA = {
			isa = PBXGroup;
			children = (
				59097AAF1FA333B500ECB4CA /* FrappyOrange */,
				59097AAE1FA333B500ECB4CA /* Products */,
			);
			sourceTree = "<group>";
		};
		59097AAE1FA333B500ECB4CA /* Products */ = {
			isa = PBXGroup;
			children = (
				59097AAD1FA333B500ECB4CA /* FrappyOrange.app */,
			);
			name = Products;
			sourceTree = "<group>";
		};
		59097AAF1FA333B500ECB4CA /* FrappyOrange */ = {
			isa = PBXGroup;
			children = (
				59097AB01FA333B500ECB4CA /* AppDelegate.swift */,
				59097AB21FA333B500ECB4CA /* ViewController.swift */,
				59097AB41FA333B500ECB4CA /* Main.storyboard */,
				59097AB71FA333B500ECB4CA /* Assets.xcassets */,
				59097AB91FA333B500ECB4CA /* LaunchScreen.storyboard */,
				59097ABC1FA333B500ECB4CA /* Info.plist */,
			);
			path = FrappyOrange;
			sourceTree = "<group>";
		};
/* End PBXGroup section */

/* Begin PBXNativeTarget section */
		59097AAC1FA333B500ECB4CA /* FrappyOrange */ = {
			isa = PBXNativeTarget;
			buildConfigurationList = 59097ABF1FA333B500ECB4CA /* Build configuration list for PBXNativeTarget "FrappyOrange" */;
			buildPhases = (
				59097AA91FA333B500ECB4CA /* Sources */,
				59097AAA1FA333B500ECB4CA /* Frameworks */,
				59097AAB1FA333B500ECB4CA /* Resources */,
			);
			buildRules = (
			);
			dependencies = (
			);
			name = FrappyOrange;
			productName = FrappyOrange;
			productReference = 59097AAD1FA333B500ECB4CA /* FrappyOrange.app */;
			productType = "com.apple.product-type.application";
		};
/* End PBXNativeTarget section */

/* Begin PBXProject section */
		59097AA51FA333B500ECB4CA /* Project object */ = {
			isa = PBXProject;
			attributes = {
				LastSwiftUpdateCheck = 0830;
				LastUpgradeCheck = 0830;
				ORGANIZATIONNAME = takumi.sugihara;
				TargetAttributes = {
					59097AAC1FA333B500ECB4CA = {
						CreatedOnToolsVersion = 8.3.3;
						ProvisioningStyle = Automatic;
					};
				};
			};
			buildConfigurationList = 59097AA81FA333B500ECB4CA /* Build configuration list for PBXProject "FrappyOrange" */;
			compatibilityVersion = "Xcode 3.2";
			developmentRegion = English;
			hasScannedForEncodings = 0;
			knownRegions = (
				en,
				Base,
			);
			mainGroup = 59097AA41FA333B500ECB4CA;
			productRefGroup = 59097AAE1FA333B500ECB4CA /* Products */;
			projectDirPath = "";
			projectRoot = "";
			targets = (
				59097AAC1FA333B500ECB4CA /* FrappyOrange */,
			);
		};
/* End PBXProject section */

/* Begin PBXResourcesBuildPhase section */
		59097AAB1FA333B500ECB4CA /* Resources */ = {
			isa = PBXResourcesBuildPhase;
			buildActionMask = 2147483647;
			files = (
				59097ABB1FA333B500ECB4CA /* LaunchScreen.storyboard in Resources */,
				59097AB81FA333B500ECB4CA /* Assets.xcassets in Resources */,
				59097AB61FA333B500ECB4CA /* Main.storyboard in Resources */,
			);
			runOnlyForDeploymentPostprocessing = 0;
		};
/* End PBXResourcesBuildPhase section */

/* Begin PBXSourcesBuildPhase section */
		59097AA91FA333B500ECB4CA /* Sources */ = {
			isa = PBXSourcesBuildPhase;
			buildActionMask = 2147483647;
			files = (
				59097AB31FA333B500ECB4CA /* ViewController.swift in Sources */,
				59097AB11FA333B500ECB4CA /* AppDelegate.swift in Sources */,
			);
			runOnlyForDeploymentPostprocessing = 0;
		};
/* End PBXSourcesBuildPhase section */

/* Begin PBXVariantGroup section */
		59097AB41FA333B500ECB4CA /* Main.storyboard */ = {
			isa = PBXVariantGroup;
			children = (
				59097AB51FA333B500ECB4CA /* Base */,
			);
			name = Main.storyboard;
			sourceTree = "<group>";
		};
		59097AB91FA333B500ECB4CA /* LaunchScreen.storyboard */ = {
			isa = PBXVariantGroup;
			children = (
				59097ABA1FA333B500ECB4CA /* Base */,
			);
			name = LaunchScreen.storyboard;
			sourceTree = "<group>";
		};
/* End PBXVariantGroup section */

/* Begin XCBuildConfiguration section */
		59097ABD1FA333B500ECB4CA /* Debug */ = {
			isa = XCBuildConfiguration;
			buildSettings = {
				ALWAYS_SEARCH_USER_PATHS = NO;
				CLANG_ANALYZER_NONNULL = YES;
				CLANG_ANALYZER_NUMBER_OBJECT_CONVERSION = YES_AGGRESSIVE;
				CLANG_CXX_LANGUAGE_STANDARD = "gnu++0x";
				CLANG_CXX_LIBRARY = "libc++";
				CLANG_ENABLE_MODULES = YES;
				CLANG_ENABLE_OBJC_ARC = YES;
				CLANG_WARN_BOOL_CONVERSION = YES;
				CLANG_WARN_CONSTANT_CONVERSION = YES;
				CLANG_WARN_DIRECT_OBJC_ISA_USAGE = YES_ERROR;
				CLANG_WARN_DOCUMENTATION_COMMENTS = YES;
				CLANG_WARN_EMPTY_BODY = YES;
				CLANG_WARN_ENUM_CONVERSION = YES;
				CLANG_WARN_INFINITE_RECURSION = YES;
				CLANG_WARN_INT_CONVERSION = YES;
				CLANG_WARN_OBJC_ROOT_CLASS = YES_ERROR;
				CLANG_WARN_SUSPICIOUS_MOVE = YES;
				CLANG_WARN_UNREACHABLE_CODE = YES;
				CLANG_WARN__DUPLICATE_METHOD_MATCH = YES;
				"CODE_SIGN_IDENTITY[sdk=iphoneos*]" = "iPhone Developer";
				COPY_PHASE_STRIP = NO;
				DEBUG_INFORMATION_FORMAT = dwarf;
				ENABLE_STRICT_OBJC_MSGSEND = YES;
				ENABLE_TESTABILITY = YES;
				GCC_C_LANGUAGE_STANDARD = gnu99;
				GCC_DYNAMIC_NO_PIC = NO;
				GCC_NO_COMMON_BLOCKS = YES;
				GCC_OPTIMIZATION_LEVEL = 0;
				GCC_PREPROCESSOR_DEFINITIONS = (
					"DEBUG=1",
					"$(inherited)",
				);
				GCC_WARN_64_TO_32_BIT_CONVERSION = YES;
				GCC_WARN_ABOUT_RETURN_TYPE = YES_ERROR;
				GCC_WARN_UNDECLARED_SELECTOR = YES;
				GCC_WARN_UNINITIALIZED_AUTOS = YES_AGGRESSIVE;
				GCC_WARN_UNUSED_FUNCTION = YES;
				GCC_WARN_UNUSED_VARIABLE = YES;
				IPHONEOS_DEPLOYMENT_TARGET = 10.3;
				MTL_ENABLE_DEBUG_INFO = YES;
				ONLY_ACTIVE_ARCH = YES;
				SDKROOT = iphoneos;
				SWIFT_ACTIVE_COMPILATION_CONDITIONS = DEBUG;
				SWIFT_OPTIMIZATION_LEVEL = "-Onone";
			};
			name = Debug;
		};
		59097ABE1FA333B500ECB4CA /* Release */ = {
			isa = XCBuildConfiguration;
			buildSettings = {
				ALWAYS_SEARCH_USER_PATHS = NO;
				CLANG_ANALYZER_NONNULL = YES;
				CLANG_ANALYZER_NUMBER_OBJECT_CONVERSION = YES_AGGRESSIVE;
				CLANG_CXX_LANGUAGE_STANDARD = "gnu++0x";
				CLANG_CXX_LIBRARY = "libc++";
				CLANG_ENABLE_MODULES = YES;
				CLANG_ENABLE_OBJC_ARC = YES;
				CLANG_WARN_BOOL_CONVERSION = YES;
				CLANG_WARN_CONSTANT_CONVERSION = YES;
				CLANG_WARN_DIRECT_OBJC_ISA_USAGE = YES_ERROR;
				CLANG_WARN_DOCUMENTATION_COMMENTS = YES;
				CLANG_WARN_EMPTY_BODY = YES;
				CLANG_WARN_ENUM_CONVERSION = YES;
				CLANG_WARN_INFINITE_RECURSION = YES;
				CLANG_WARN_INT_CONVERSION = YES;
				CLANG_WARN_OBJC_ROOT_CLASS = YES_ERROR;
				CLANG_WARN_SUSPICIOUS_MOVE = YES;
				CLANG_WARN_UNREACHABLE_CODE = YES;
				CLANG_WARN__DUPLICATE_METHOD_MATCH = YES;
				"CODE_SIGN_IDENTITY[sdk=iphoneos*]" = "iPhone Developer";
				COPY_PHASE_STRIP = NO;
				DEBUG_INFORMATION_FORMAT = "dwarf-with-dsym";
				ENABLE_NS_ASSERTIONS = NO;
				ENABLE_STRICT_OBJC_MSGSEND = YES;
				GCC_C_LANGUAGE_STANDARD = gnu99;
				GCC_NO_COMMON_BLOCKS = YES;
				GCC_WARN_64_TO_32_BIT_CONVERSION = YES;
				GCC_WARN_ABOUT_RETURN_TYPE = YES_ERROR;
				GCC_WARN_UNDECLARED_SELECTOR = YES;
				GCC_WARN_UNINITIALIZED_AUTOS = YES_AGGRESSIVE;
				GCC_WARN_UNUSED_FUNCTION = YES;
				GCC_WARN_UNUSED_VARIABLE = YES;
				IPHONEOS_DEPLOYMENT_TARGET = 10.3;
				MTL_ENABLE_DEBUG_INFO = NO;
				SDKROOT = iphoneos;
				SWIFT_OPTIMIZATION_LEVEL = "-Owholemodule";
				VALIDATE_PRODUCT = YES;
			};
			name = Release;
		};
		59097AC01FA333B500ECB4CA /* Debug */ = {
			isa = XCBuildConfiguration;
			buildSettings = {
				ASSETCATALOG_COMPILER_APPICON_NAME = AppIcon;
				INFOPLIST_FILE = FrappyOrange/Info.plist;
				LD_RUNPATH_SEARCH_PATHS = "$(inherited) @executable_path/Frameworks";
				PRODUCT_BUNDLE_IDENTIFIER = jp.techacademy.takumi.sugihara.FrappyOrange;
				PRODUCT_NAME = "$(TARGET_NAME)";
				SWIFT_VERSION = 3.0;
			};
			name = Debug;
		};
		59097AC11FA333B500ECB4CA /* Release */ = {
			isa = XCBuildConfiguration;
			buildSettings = {
				ASSETCATALOG_COMPILER_APPICON_NAME = AppIcon;
				INFOPLIST_FILE = FrappyOrange/Info.plist;
				LD_RUNPATH_SEARCH_PATHS = "$(inherited) @executable_path/Frameworks";
				PRODUCT_BUNDLE_IDENTIFIER = jp.techacademy.takumi.sugihara.FrappyOrange;
				PRODUCT_NAME = "$(TARGET_NAME)";
				SWIFT_VERSION = 3.0;
			};
			name = Release;
		};
/* End XCBuildConfiguration section */

/* Begin XCConfigurationList section */
		59097AA81FA333B500ECB4CA /* Build configuration list for PBXProject "FrappyOrange" */ = {
			isa = XCConfigurationList;
			buildConfigurations = (
				59097ABD1FA333B500ECB4CA /* Debug */,
				59097ABE1FA333B500ECB4CA /* Release */,
			);
			defaultConfigurationIsVisible = 0;
			defaultConfigurationName = Release;
		};
		59097ABF1FA333B500ECB4CA /* Build configuration list for PBXNativeTarget "FrappyOrange" */ = {
			isa = XCConfigurationList;
			buildConfigurations = (
				59097AC01FA333B500ECB4CA /* Debug */,
				59097AC11FA333B500ECB4CA /* Release */,
			);
			defaultConfigurationIsVisible = 0;
		};
/* End XCConfigurationList section */
	};
	rootObject = 59097AA51FA333B500ECB4CA /* Project object */;
}
